
Microsoft Visual Studio Solution File, Format Version 12.00
# Visual Studio Version 17
VisualStudioVersion = 17.7.34031.279
MinimumVisualStudioVersion = 10.0.40219.1
Project("{FAE04EC0-301F-11D3-BF4B-00C04F79EFBC}") = "Malawi_Public_Schools_SIS", "Malawi_Public_Schools_SIS.csproj", "{4022159F-9A0D-480F-A904-48BF81BF3277}"
EndProject
Global
	GlobalSection(SolutionConfigurationPlatforms) = preSolution
		Debug|Any CPU = Debug|Any CPU
		Release|Any CPU = Release|Any CPU
	EndGlobalSection
	GlobalSection(ProjectConfigurationPlatforms) = postSolution
		{4022159F-9A0D-480F-A904-48BF81BF3277}.Debug|Any CPU.ActiveCfg = Debug|Any CPU
		{4022159F-9A0D-480F-A904-48BF81BF3277}.Debug|Any CPU.Build.0 = Debug|Any CPU
		{4022159F-9A0D-480F-A904-48BF81BF3277}.Release|Any CPU.ActiveCfg = Release|Any CPU
		{4022159F-9A0D-480F-A904-48BF81BF3277}.Release|Any CPU.Build.0 = Release|Any CPU
	EndGlobalSection
	GlobalSection(SolutionProperties) = preSolution
		HideSolutionNode = FALSE
	EndGlobalSection
	GlobalSection(ExtensibilityGlobals) = postSolution
		SolutionGuid = {56D2DFDC-7C7A-4015-A3AA-4F3A260963F1}
	EndGlobalSection
EndGlobal
